# THIS IS AN AUTOGENERATED FILE. DO NOT EDIT THIS FILE DIRECTLY.
assets/amex.png:
  production: 2018-02-13T18:53:21+11:00   33643ad22d6e1b98a9caca128c198fa2
assets/eway.png:
  production: 2018-02-13T18:53:22+11:00   46f31634da83134ae8e6f814db62f716
assets/giftcard.js:
  production: 2018-02-12T11:31:00+11:00   b771bb1917067a40642c2d8e27cf877d
assets/grunge.png:
  production: 2018-02-12T12:50:03+11:00   5b998b3943346d8db7bb58f46b776e3d
assets/header-bg.jpg:
  production: 2018-02-12T20:20:45+11:00   9ce2ec847db1fd461f6cc39c54d01151
assets/ico-select.svg.liquid:
  production: 2018-02-12T11:31:00+11:00   765be6d2ef08d76aa0f1aab48a10e2b7
assets/logo-black.png:
  production: 2018-02-13T10:02:26+11:00   df6ddfeb0017efd49ae5c8813c09acbc
assets/logo.png:
  production: 2018-02-12T16:16:12+11:00   da5412b1e626ba1feca2dd48be14d419
assets/mastercard.png:
  production: 2018-02-13T18:53:22+11:00   36514797540dbdcc4b9c0a20fc1771e3
assets/paypal.png:
  production: 2018-02-13T18:53:22+11:00   83bc5ca661e2258de31d4e488f5ca015
assets/styles.scss.liquid:
  production: 2018-03-10T21:32:51+11:00   74eae88b772c957109883ddef7b28257
assets/theme.js:
  production: 2018-02-12T22:35:10+11:00   a18a9b65da1e747c2ebfb58af7c59681
assets/theme.scss.liquid:
  production: 2018-03-10T20:42:40+11:00   7d82a13131c493d7bf189e8a6c026ef6
assets/vendor.js:
  production: 2018-02-12T11:31:00+11:00   b8e8dbe1aaf11c882d6d849a708113d1
assets/visa.png:
  production: 2018-02-13T18:53:22+11:00   c872e942c3bb3b9f1a7bc591dd92f8f7
config/settings_schema.json:
  production: 2018-02-12T14:40:11+11:00   e7d6a9c6f2f36d72567e31a3be831942
layout/gift_card.liquid:
  production: 2018-02-12T11:31:00+11:00   b58166c5e68a3ac6fc885d27b6c84eb4
layout/password.liquid:
  production: 2018-02-12T11:31:00+11:00   a3126a75f83c949db861167020c63219
layout/theme.liquid:
  production: 2018-02-13T15:38:24+11:00   07a69a35c0bcf1552de8496e1427bed7
locales/da.json:
  production: 2018-02-12T11:31:00+11:00   95a58eb18067e4498baaf8f5e1ba3b42
locales/de.json:
  production: 2018-02-12T11:31:00+11:00   310ea9d2ac8d9fdb8f48ba2a0323e9e5
locales/en.default.json:
  production: 2018-02-12T11:31:00+11:00   2f47890b5e428a912983c2cdda538fc6
locales/es.json:
  production: 2018-02-12T11:31:00+11:00   5bef99727aa4c751ec7e7ec7bcf6c04c
locales/fr.json:
  production: 2018-02-12T11:31:00+11:00   dd11a8356b5ae41c443e3220b667ac32
locales/nl.json:
  production: 2018-02-12T11:31:00+11:00   097257892606991bed01c4fe846c8898
locales/pt-BR.json:
  production: 2018-02-12T11:31:00+11:00   6b58156c31cabf07a0394cb51f37c6ec
locales/pt-PT.json:
  production: 2018-02-12T11:31:00+11:00   1f39689b8220b99560c72f413f651461
sections/camping-menu.liquid:
  production: 2018-02-12T17:36:26+11:00   0878649e734b321cdd01478a0e051347
sections/collection-list.liquid:
  production: 2018-02-12T11:30:59+11:00   28d3dfaf9923361395f2e9dd48d4b2d4
sections/featured-collection.liquid:
  production: 2018-02-12T11:30:59+11:00   dcf1c5bab79447361a4e841cf5adc148
sections/featured-product.liquid:
  production: 2018-02-12T11:30:59+11:00   fb5c9c800bf3dc82d073817363333542
sections/fishing-menu.liquid:
  production: 2018-02-12T17:36:29+11:00   0f8c58eceb8695e37c33810930ed574f
sections/footer.liquid:
  production: 2018-02-26T13:21:59+11:00   6d7e46785cd7538c6810434055694f53
sections/hunting-menu.liquid:
  production: 2018-02-12T17:36:34+11:00   482114186b4dfa83be823e56d0bab83c
sections/recommended_products.liquid:
  production: 2018-02-13T20:15:31+11:00   97c632648f8f77f993d18738f6e594af
sections/site-info.liquid:
  production: 2018-03-10T20:35:17+11:00   8a7289c71e5ed18e19a12b8585bd53d5
snippets/breadcrumbs.liquid:
  production: 2018-02-12T23:02:47+11:00   499b2a6a9bdcf8e7e4ca16ab047e5c97
snippets/collection-filter.liquid:
  production: 2018-02-13T08:20:28+11:00   db57d52dc8cb668bea5d100b463c0dfc
snippets/icon-amazon_payments.liquid:
  production: 2018-02-12T11:31:00+11:00   b5ff59d6df578a0fc1ca86322682cbaf
snippets/icon-american_express.liquid:
  production: 2018-02-12T11:31:00+11:00   9da829decce6867b8de60a183c94d099
snippets/icon-apple_pay.liquid:
  production: 2018-02-12T11:31:00+11:00   f679a56cc48b7bf65ea998f8c5029937
snippets/icon-arrow-down.liquid:
  production: 2018-02-12T11:31:00+11:00   4220a296e469301813f0696d88df0b82
snippets/icon-bitcoin.liquid:
  production: 2018-02-12T11:31:00+11:00   d8cb31e0401818c1cb852348b6f27420
snippets/icon-cart.liquid:
  production: 2018-02-12T11:31:00+11:00   997476c1a780e5dcefac1458a9aab8b9
snippets/icon-cirrus.liquid:
  production: 2018-02-12T11:31:00+11:00   fcbd6ce7e38d7946c921c8ed6ad5ca71
snippets/icon-close.liquid:
  production: 2018-02-12T11:31:00+11:00   1ae4758b5f5e0acc627a32e96ed79da9
snippets/icon-dankort.liquid:
  production: 2018-02-12T11:31:00+11:00   796e1e822b3e46784d303b48c9db5b29
snippets/icon-diners_club.liquid:
  production: 2018-02-12T11:31:00+11:00   cf70ea54486bb14c286264f90dab9ff8
snippets/icon-discover.liquid:
  production: 2018-02-12T11:31:01+11:00   b43221b39bc3df37f7e6c7810d3e54d8
snippets/icon-dogecoin.liquid:
  production: 2018-02-12T11:31:01+11:00   67abfb757def8ef6ad3e8501af6b98bd
snippets/icon-dwolla.liquid:
  production: 2018-02-12T11:31:01+11:00   30b9fb88641a559f68f401a1a95506e5
snippets/icon-facebook.liquid:
  production: 2018-02-12T11:31:01+11:00   334588042b292f2d7335fd2791c35eca
snippets/icon-forbrugsforeningen.liquid:
  production: 2018-02-12T11:31:01+11:00   dc60dbbf37b6b40ce2d5e8efb6a5cd7b
snippets/icon-hamburger.liquid:
  production: 2018-02-12T11:31:01+11:00   c61b1caa743b5790de67f0ccc8f3ba04
snippets/icon-instagram.liquid:
  production: 2018-02-12T11:31:01+11:00   bf50214819f6e2a5f053593e2414526d
snippets/icon-interac.liquid:
  production: 2018-02-12T11:31:01+11:00   24c4d22a98c0574c32fc02fe39e34b80
snippets/icon-jcb.liquid:
  production: 2018-02-12T11:31:01+11:00   275259ce80a1b368d0e5afcf7d6bb6f3
snippets/icon-litecoin.liquid:
  production: 2018-02-12T11:31:01+11:00   051dfcb36fa17b532a087b12f0a49e0e
snippets/icon-lock.liquid:
  production: 2018-02-12T11:31:01+11:00   60ae7ba03d14efa582faed8855821a58
snippets/icon-maestro.liquid:
  production: 2018-02-12T11:31:01+11:00   a540b6db188a28fb8f72ed741a897330
snippets/icon-master.liquid:
  production: 2018-02-12T11:31:01+11:00   a8160577c52110a093d7120692bb6241
snippets/icon-minus.liquid:
  production: 2018-02-12T11:31:01+11:00   78c513424d498299e865f8a242823ad0
snippets/icon-paypal.liquid:
  production: 2018-02-12T11:31:01+11:00   1b0d7db160b229b8519cccf2514ee676
snippets/icon-pinterest.liquid:
  production: 2018-02-12T11:31:01+11:00   701f2a785b3fa83d63e3ab54af060031
snippets/icon-plus.liquid:
  production: 2018-02-12T11:31:01+11:00   ba5297f64eb7ea97f1785e8166e11231
snippets/icon-rss.liquid:
  production: 2018-02-12T11:31:01+11:00   192c99ddafd680c55f2fd9261df8d871
snippets/icon-search.liquid:
  production: 2018-02-12T11:31:01+11:00   a87ad34972418ed6358f17c62949f804
snippets/icon-shopify-logo.liquid:
  production: 2018-02-12T11:31:01+11:00   70ebbe66d8a1bf488965e2ad372408c6
snippets/icon-snapchat.liquid:
  production: 2018-02-12T11:31:01+11:00   d6f0dedb86544b535e6ea5b25f66ef0d
snippets/icon-tumblr.liquid:
  production: 2018-02-12T11:31:01+11:00   d71a4ada77a8a9b6bd792bdafef393de
snippets/icon-twitter.liquid:
  production: 2018-02-12T11:31:01+11:00   24047c22697a23a0baabf2804adc6c11
snippets/icon-vimeo.liquid:
  production: 2018-02-12T11:31:01+11:00   a229ed8a1a81e6ef95ad621f8a34efb6
snippets/icon-visa.liquid:
  production: 2018-02-12T11:31:01+11:00   9098533cd59e385d2672f6d8b7fa4b04
snippets/icon-youtube.liquid:
  production: 2018-02-12T11:31:01+11:00   9d72c5bc3eaa14a3e7aefd921881b1ae
snippets/mega-menu.liquid:
  production: 2018-02-12T19:50:06+11:00   97307c11c75d6b02d0d56fb3ad61783d
snippets/no-blocks.liquid:
  production: 2018-02-12T11:31:01+11:00   0cb7d758b6df0feb07ae5804b4b627fa
snippets/pagination.liquid:
  production: 2018-02-12T11:31:01+11:00   d4a467973d86f8663428ddaaaf035d12
snippets/site-header.liquid:
  production: 2018-03-10T20:32:26+11:00   b2f5560132ce295c7ae30240fdd15f02
snippets/social-meta-tags.liquid:
  production: 2018-02-12T11:31:01+11:00   312dfc487a1aa92503527dbc4a4e56b4
snippets/social-sharing.liquid:
  production: 2018-02-12T11:31:01+11:00   987f1d283ac10d7849dc69d76221e37a
snippets/sort-by-filter.liquid:
  production: 2018-02-13T08:22:01+11:00   0b2b7d568ace436ecc8ff368756d3c0c
templates/404.liquid:
  production: 2018-02-12T11:31:01+11:00   a345bd048463d3bb245873ed26a41a98
templates/article.liquid:
  production: 2018-02-12T11:31:01+11:00   fac07164de019c3ce659632f62be372c
templates/blog.liquid:
  production: 2018-02-12T11:31:01+11:00   6afa6d4a6ed4b457f72a4c28c536dca9
templates/cart.liquid:
  production: 2018-02-13T13:52:36+11:00   d5f451401f539958fa7bc185b9022c9d
templates/collection.liquid:
  production: 2018-02-13T20:23:08+11:00   9a84856d9e68a81dcf3caf35970fa6fe
templates/customers/account.liquid:
  production: 2018-02-12T11:31:01+11:00   4742bf0cc429943e699cbe9a0f528fa8
templates/customers/activate_account.liquid:
  production: 2018-02-12T11:31:01+11:00   9df448bfebd9818755cc375260469e32
templates/customers/addresses.liquid:
  production: 2018-02-12T11:31:01+11:00   3bf9b443cb0d71292ff3a1066df19ee1
templates/customers/login.liquid:
  production: 2018-02-13T13:47:38+11:00   0c83a388e110e0c2204759689892d776
templates/customers/order.liquid:
  production: 2018-02-12T11:31:02+11:00   97a230cba05826518856f52fe8c6bad5
templates/customers/register.liquid:
  production: 2018-02-13T13:49:08+11:00   ff7c05a66ca48a83c65b21b03d9ed24d
templates/customers/reset_password.liquid:
  production: 2018-02-12T11:31:02+11:00   f6e5f6d66dacbb6fffd82fb1a6d29cd4
templates/gift_card.liquid:
  production: 2018-02-12T11:31:02+11:00   69ebb9767564780f5bc82e2c18bc6eb7
templates/index.liquid:
  production: 2018-02-13T14:27:03+11:00   20d822cb19880d8d40298a027d0003d0
templates/list-collections.liquid:
  production: 2018-02-12T11:31:02+11:00   6abbd591b600d37e335daf0a1cd45026
templates/page.contact.liquid:
  production: 2018-02-13T13:16:39+11:00   e2e942cbb78e522e2de7b40868504259
templates/page.liquid:
  production: 2018-02-13T13:00:00+11:00   060cd01048e8e6e03c1cb58e132ff79f
templates/page.styles.liquid:
  production: 2018-02-12T11:31:02+11:00   9fb4c3208eda89312711db4cdc2773c7
templates/password.liquid:
  production: 2018-02-12T11:31:02+11:00   73bba9f7f2437720e1e1fde57b544859
templates/product.liquid:
  production: 2018-02-13T20:15:44+11:00   eb2ceda7525f379acad334646d2e522e
templates/search.liquid:
  production: 2018-02-13T13:46:53+11:00   9231e09365816d7c187fdc8b04874c20
